
Microsoft Visual Studio Solution File, Format Version 12.00
# Visual Studio Version 17
VisualStudioVersion = 17.4.33213.308
MinimumVisualStudioVersion = 10.0.40219.1
Project("{2150E333-8FDC-42A3-9474-1A3956D46DE8}") = "src", "src", "{1C1974E6-B327-452E-BE31-00D9E4B81F07}"
EndProject
Project("{2150E333-8FDC-42A3-9474-1A3956D46DE8}") = "tests", "tests", "{83A194EF-AB8A-468E-B81E-50FD15DE3BC0}"
EndProject
Project("{2150E333-8FDC-42A3-9474-1A3956D46DE8}") = "API", "API", "{A696795D-E078-43F9-B095-85BCE25FA9C2}"
EndProject
Project("{2150E333-8FDC-42A3-9474-1A3956D46DE8}") = "Core", "Core", "{43EA1724-6F5C-44BB-9615-9BE6598EBF51}"
EndProject
Project("{2150E333-8FDC-42A3-9474-1A3956D46DE8}") = "Infrastructure", "Infrastructure", "{3B944AF9-E55B-4446-899E-A6770CCF8C18}"
EndProject
Project("{2150E333-8FDC-42A3-9474-1A3956D46DE8}") = "UI", "UI", "{6F40C225-A5C8-40DB-9CEB-289058A4B196}"
EndProject
Project("{9A19103F-16F7-4668-BE54-9A1E7A4F7556}") = "HRLeaveManagement.Domain", "HRLeaveManagement.Domain\HRLeaveManagement.Domain.csproj", "{BE8930FB-25BA-4105-B68E-8C5EB7620CBC}"
EndProject
Project("{9A19103F-16F7-4668-BE54-9A1E7A4F7556}") = "HRLeaveManagement.Application", "HRLeaveManagement.Application\HRLeaveManagement.Application.csproj", "{57E91BD5-A86A-41AB-AAF3-B207D550FFC5}"
EndProject
Project("{9A19103F-16F7-4668-BE54-9A1E7A4F7556}") = "HRLeaveManagement.Infrastructure", "HRLeaveManagement.Infrastructure\HRLeaveManagement.Infrastructure.csproj", "{2415384C-F045-4556-824C-69B6B8AD09A6}"
EndProject
Project("{9A19103F-16F7-4668-BE54-9A1E7A4F7556}") = "HRLeaveManagement.Persistence", "HRLeaveManagement.Persistence\HRLeaveManagement.Persistence.csproj", "{851074F3-5CA5-472D-A072-E836FF5721C4}"
EndProject
Project("{9A19103F-16F7-4668-BE54-9A1E7A4F7556}") = "HRLeaveManagement.Api", "HRLeaveManagement.Api\HRLeaveManagement.Api.csproj", "{874249AD-97BD-434E-8E2D-F7EB4538C198}"
EndProject
Project("{9A19103F-16F7-4668-BE54-9A1E7A4F7556}") = "HRLeaveManagement.Application.Unit.Tests", "HRLeaveManagement.Application.Unit.Tests\HRLeaveManagement.Application.Unit.Tests.csproj", "{CCE4188D-1104-45A3-AD03-3921AA8A16D9}"
EndProject
Project("{FAE04EC0-301F-11D3-BF4B-00C04F79EFBC}") = "HR.LeaveManagement.MVC", "HR.LeaveManagement.MVC\HR.LeaveManagement.MVC.csproj", "{1A19F301-767D-4B22-B5BB-8BD1E1680C4B}"
EndProject
Global
	GlobalSection(SolutionConfigurationPlatforms) = preSolution
		Debug|Any CPU = Debug|Any CPU
		Release|Any CPU = Release|Any CPU
	EndGlobalSection
	GlobalSection(ProjectConfigurationPlatforms) = postSolution
		{BE8930FB-25BA-4105-B68E-8C5EB7620CBC}.Debug|Any CPU.ActiveCfg = Debug|Any CPU
		{BE8930FB-25BA-4105-B68E-8C5EB7620CBC}.Debug|Any CPU.Build.0 = Debug|Any CPU
		{BE8930FB-25BA-4105-B68E-8C5EB7620CBC}.Release|Any CPU.ActiveCfg = Release|Any CPU
		{BE8930FB-25BA-4105-B68E-8C5EB7620CBC}.Release|Any CPU.Build.0 = Release|Any CPU
		{57E91BD5-A86A-41AB-AAF3-B207D550FFC5}.Debug|Any CPU.ActiveCfg = Debug|Any CPU
		{57E91BD5-A86A-41AB-AAF3-B207D550FFC5}.Debug|Any CPU.Build.0 = Debug|Any CPU
		{57E91BD5-A86A-41AB-AAF3-B207D550FFC5}.Release|Any CPU.ActiveCfg = Release|Any CPU
		{57E91BD5-A86A-41AB-AAF3-B207D550FFC5}.Release|Any CPU.Build.0 = Release|Any CPU
		{2415384C-F045-4556-824C-69B6B8AD09A6}.Debug|Any CPU.ActiveCfg = Debug|Any CPU
		{2415384C-F045-4556-824C-69B6B8AD09A6}.Debug|Any CPU.Build.0 = Debug|Any CPU
		{2415384C-F045-4556-824C-69B6B8AD09A6}.Release|Any CPU.ActiveCfg = Release|Any CPU
		{2415384C-F045-4556-824C-69B6B8AD09A6}.Release|Any CPU.Build.0 = Release|Any CPU
		{851074F3-5CA5-472D-A072-E836FF5721C4}.Debug|Any CPU.ActiveCfg = Debug|Any CPU
		{851074F3-5CA5-472D-A072-E836FF5721C4}.Debug|Any CPU.Build.0 = Debug|Any CPU
		{851074F3-5CA5-472D-A072-E836FF5721C4}.Release|Any CPU.ActiveCfg = Release|Any CPU
		{851074F3-5CA5-472D-A072-E836FF5721C4}.Release|Any CPU.Build.0 = Release|Any CPU
		{874249AD-97BD-434E-8E2D-F7EB4538C198}.Debug|Any CPU.ActiveCfg = Debug|Any CPU
		{874249AD-97BD-434E-8E2D-F7EB4538C198}.Debug|Any CPU.Build.0 = Debug|Any CPU
		{874249AD-97BD-434E-8E2D-F7EB4538C198}.Release|Any CPU.ActiveCfg = Release|Any CPU
		{874249AD-97BD-434E-8E2D-F7EB4538C198}.Release|Any CPU.Build.0 = Release|Any CPU
		{CCE4188D-1104-45A3-AD03-3921AA8A16D9}.Debug|Any CPU.ActiveCfg = Debug|Any CPU
		{CCE4188D-1104-45A3-AD03-3921AA8A16D9}.Debug|Any CPU.Build.0 = Debug|Any CPU
		{CCE4188D-1104-45A3-AD03-3921AA8A16D9}.Release|Any CPU.ActiveCfg = Release|Any CPU
		{CCE4188D-1104-45A3-AD03-3921AA8A16D9}.Release|Any CPU.Build.0 = Release|Any CPU
		{1A19F301-767D-4B22-B5BB-8BD1E1680C4B}.Debug|Any CPU.ActiveCfg = Debug|Any CPU
		{1A19F301-767D-4B22-B5BB-8BD1E1680C4B}.Debug|Any CPU.Build.0 = Debug|Any CPU
		{1A19F301-767D-4B22-B5BB-8BD1E1680C4B}.Release|Any CPU.ActiveCfg = Release|Any CPU
		{1A19F301-767D-4B22-B5BB-8BD1E1680C4B}.Release|Any CPU.Build.0 = Release|Any CPU
	EndGlobalSection
	GlobalSection(SolutionProperties) = preSolution
		HideSolutionNode = FALSE
	EndGlobalSection
	GlobalSection(NestedProjects) = preSolution
		{A696795D-E078-43F9-B095-85BCE25FA9C2} = {1C1974E6-B327-452E-BE31-00D9E4B81F07}
		{43EA1724-6F5C-44BB-9615-9BE6598EBF51} = {1C1974E6-B327-452E-BE31-00D9E4B81F07}
		{3B944AF9-E55B-4446-899E-A6770CCF8C18} = {1C1974E6-B327-452E-BE31-00D9E4B81F07}
		{6F40C225-A5C8-40DB-9CEB-289058A4B196} = {1C1974E6-B327-452E-BE31-00D9E4B81F07}
		{BE8930FB-25BA-4105-B68E-8C5EB7620CBC} = {43EA1724-6F5C-44BB-9615-9BE6598EBF51}
		{57E91BD5-A86A-41AB-AAF3-B207D550FFC5} = {43EA1724-6F5C-44BB-9615-9BE6598EBF51}
		{2415384C-F045-4556-824C-69B6B8AD09A6} = {3B944AF9-E55B-4446-899E-A6770CCF8C18}
		{851074F3-5CA5-472D-A072-E836FF5721C4} = {3B944AF9-E55B-4446-899E-A6770CCF8C18}
		{874249AD-97BD-434E-8E2D-F7EB4538C198} = {A696795D-E078-43F9-B095-85BCE25FA9C2}
		{CCE4188D-1104-45A3-AD03-3921AA8A16D9} = {83A194EF-AB8A-468E-B81E-50FD15DE3BC0}
		{1A19F301-767D-4B22-B5BB-8BD1E1680C4B} = {6F40C225-A5C8-40DB-9CEB-289058A4B196}
	EndGlobalSection
	GlobalSection(ExtensibilityGlobals) = postSolution
		SolutionGuid = {E695193D-B2FC-4399-BBCB-0CB9F22DE832}
	EndGlobalSection
EndGlobal
